Microsoft Visual Studio Solution File, Format Version 10.00
# Visual Studio 2008

Project("{1F06756F-06AD-516B-FDCF-A7FC51076B67}") = "NewUnityWrapper", "NewUnityWrapper.csproj", "{1172C7CF-510C-128D-19AE-23E39A9F9EBD}"
EndProject
Global
	GlobalSection(SolutionConfigurationPlatforms) = preSolution
		Debug|Any CPU = Debug|Any CPU
		Release|Any CPU = Release|Any CPU
	EndGlobalSection
	GlobalSection(ProjectConfigurationPlatforms) = postSolution
		{1172C7CF-510C-128D-19AE-23E39A9F9EBD}.Debug|Any CPU.ActiveCfg = Debug|Any CPU
		{1172C7CF-510C-128D-19AE-23E39A9F9EBD}.Debug|Any CPU.Build.0 = Debug|Any CPU
		{1172C7CF-510C-128D-19AE-23E39A9F9EBD}.Release|Any CPU.ActiveCfg = Release|Any CPU
		{1172C7CF-510C-128D-19AE-23E39A9F9EBD}.Release|Any CPU.Build.0 = Release|Any CPU
	EndGlobalSection
	GlobalSection(SolutionProperties) = preSolution
		HideSolutionNode = FALSE
	EndGlobalSection
	
EndGlobal
